
Microsoft Visual Studio Solution File, Format Version 12.00
# Visual Studio Version 17
VisualStudioVersion = 17.4.33122.133
MinimumVisualStudioVersion = 10.0.40219.1
Project("{FAE04EC0-301F-11D3-BF4B-00C04F79EFBC}") = "QSA", "QSA.csproj", "{8F8166FE-E026-4BB3-A5ED-AE7D45B9B280}"
EndProject
Global
	GlobalSection(SolutionConfigurationPlatforms) = preSolution
		Debug|Any CPU = Debug|Any CPU
		Release|Any CPU = Release|Any CPU
	EndGlobalSection
	GlobalSection(ProjectConfigurationPlatforms) = postSolution
		{8F8166FE-E026-4BB3-A5ED-AE7D45B9B280}.Debug|Any CPU.ActiveCfg = Debug|Any CPU
		{8F8166FE-E026-4BB3-A5ED-AE7D45B9B280}.Debug|Any CPU.Build.0 = Debug|Any CPU
		{8F8166FE-E026-4BB3-A5ED-AE7D45B9B280}.Release|Any CPU.ActiveCfg = Release|Any CPU
		{8F8166FE-E026-4BB3-A5ED-AE7D45B9B280}.Release|Any CPU.Build.0 = Release|Any CPU
	EndGlobalSection
	GlobalSection(SolutionProperties) = preSolution
		HideSolutionNode = FALSE
	EndGlobalSection
	GlobalSection(ExtensibilityGlobals) = postSolution
		SolutionGuid = {7FDFD62A-BF52-4BBA-A3E4-3D97551A173D}
	EndGlobalSection
EndGlobal
